
Microsoft Visual Studio Solution File, Format Version 12.00
# Visual Studio 15
VisualStudioVersion = 15.0.28307.329
MinimumVisualStudioVersion = 10.0.40219.1
Project("{FAE04EC0-301F-11D3-BF4B-00C04F79EFBC}") = "RandomTestingCounterSort", "RandomTestingCounterSort\RandomTestingCounterSort.csproj", "{79F343A7-D993-4709-A843-D9CFDCFA8FE6}"
EndProject
Global
	GlobalSection(SolutionConfigurationPlatforms) = preSolution
		Debug|Any CPU = Debug|Any CPU
		Release|Any CPU = Release|Any CPU
	EndGlobalSection
	GlobalSection(ProjectConfigurationPlatforms) = postSolution
		{79F343A7-D993-4709-A843-D9CFDCFA8FE6}.Debug|Any CPU.ActiveCfg = Debug|Any CPU
		{79F343A7-D993-4709-A843-D9CFDCFA8FE6}.Debug|Any CPU.Build.0 = Debug|Any CPU
		{79F343A7-D993-4709-A843-D9CFDCFA8FE6}.Release|Any CPU.ActiveCfg = Release|Any CPU
		{79F343A7-D993-4709-A843-D9CFDCFA8FE6}.Release|Any CPU.Build.0 = Release|Any CPU
	EndGlobalSection
	GlobalSection(SolutionProperties) = preSolution
		HideSolutionNode = FALSE
	EndGlobalSection
	GlobalSection(ExtensibilityGlobals) = postSolution
		SolutionGuid = {6F38ACFA-4955-406E-84DA-4D6BE99C0CC9}
	EndGlobalSection
EndGlobal
